// !$*UTF8*$!
{
	archiveVersion = 1;
	classes = {
	};
	objectVersion = 46;
	objects = {

/* Begin PBXBuildFile section */
		5563CF8D19F0CCA3001BD248 /* Foundation.framework in Frameworks */ = {isa = PBXBuildFile; fileRef = 5563CF8C19F0CCA3001BD248 /* Foundation.framework */; };
		5563CF8F19F0CCA3001BD248 /* CoreGraphics.framework in Frameworks */ = {isa = PBXBuildFile; fileRef = 5563CF8E19F0CCA3001BD248 /* CoreGraphics.framework */; };
		5563CF9119F0CCA3001BD248 /* UIKit.framework in Frameworks */ = {isa = PBXBuildFile; fileRef = 5563CF9019F0CCA3001BD248 /* UIKit.framework */; };
		5563CF9719F0CCA3001BD248 /* InfoPlist.strings in Resources */ = {isa = PBXBuildFile; fileRef = 5563CF9519F0CCA3001BD248 /* InfoPlist.strings */; };
		5563CF9919F0CCA3001BD248 /* main.m in Sources */ = {isa = PBXBuildFile; fileRef = 5563CF9819F0CCA3001BD248 /* main.m */; };
		5563CF9D19F0CCA3001BD248 /* WeWalkTestAppDelegate.m in Sources */ = {isa = PBXBuildFile; fileRef = 5563CF9C19F0CCA3001BD248 /* WeWalkTestAppDelegate.m */; };
		5563CFA019F0CCA3001BD248 /* Main.storyboard in Resources */ = {isa = PBXBuildFile; fileRef = 5563CF9E19F0CCA3001BD248 /* Main.storyboard */; };
		5563CFA319F0CCA3001BD248 /* WeWalkTestViewController.m in Sources */ = {isa = PBXBuildFile; fileRef = 5563CFA219F0CCA3001BD248 /* WeWalkTestViewController.m */; };
		5563CFA519F0CCA3001BD248 /* Images.xcassets in Resources */ = {isa = PBXBuildFile; fileRef = 5563CFA419F0CCA3001BD248 /* Images.xcassets */; };
		5563CFAC19F0CCA3001BD248 /* XCTest.framework in Frameworks */ = {isa = PBXBuildFile; fileRef = 5563CFAB19F0CCA3001BD248 /* XCTest.framework */; };
		5563CFAD19F0CCA3001BD248 /* Foundation.framework in Frameworks */ = {isa = PBXBuildFile; fileRef = 5563CF8C19F0CCA3001BD248 /* Foundation.framework */; };
		5563CFAE19F0CCA3001BD248 /* UIKit.framework in Frameworks */ = {isa = PBXBuildFile; fileRef = 5563CF9019F0CCA3001BD248 /* UIKit.framework */; };
		5563CFB619F0CCA3001BD248 /* InfoPlist.strings in Resources */ = {isa = PBXBuildFile; fileRef = 5563CFB419F0CCA3001BD248 /* InfoPlist.strings */; };
		5563CFB819F0CCA3001BD248 /* WeWalkTestAppTests.m in Sources */ = {isa = PBXBuildFile; fileRef = 5563CFB719F0CCA3001BD248 /* WeWalkTestAppTests.m */; };
/* End PBXBuildFile section */

/* Begin PBXContainerItemProxy section */
		5563CFAF19F0CCA3001BD248 /* PBXContainerItemProxy */ = {
			isa = PBXContainerItemProxy;
			containerPortal = 5563CF8119F0CCA3001BD248 /* Project object */;
			proxyType = 1;
			remoteGlobalIDString = 5563CF8819F0CCA3001BD248;
			remoteInfo = WeWalkTestApp;
		};
/* End PBXContainerItemProxy section */

/* Begin PBXFileReference section */
		5563CF8919F0CCA3001BD248 /* WeWalkTestApp.app */ = {isa = PBXFileReference; explicitFileType = wrapper.application; includeInIndex = 0; path = WeWalkTestApp.app; sourceTree = BUILT_PRODUCTS_DIR; };
		5563CF8C19F0CCA3001BD248 /* Foundation.framework */ = {isa = PBXFileReference; lastKnownFileType = wrapper.framework; name = Foundation.framework; path = System/Library/Frameworks/Foundation.framework; sourceTree = SDKROOT; };
		5563CF8E19F0CCA3001BD248 /* CoreGraphics.framework */ = {isa = PBXFileReference; lastKnownFileType = wrapper.framework; name = CoreGraphics.framework; path = System/Library/Frameworks/CoreGraphics.framework; sourceTree = SDKROOT; };
		5563CF9019F0CCA3001BD248 /* UIKit.framework */ = {isa = PBXFileReference; lastKnownFileType = wrapper.framework; name = UIKit.framework; path = System/Library/Frameworks/UIKit.framework; sourceTree = SDKROOT; };
		5563CF9419F0CCA3001BD248 /* WeWalkTestApp-Info.plist */ = {isa = PBXFileReference; lastKnownFileType = text.plist.xml; path = "WeWalkTestApp-Info.plist"; sourceTree = "<group>"; };
		5563CF9619F0CCA3001BD248 /* en */ = {isa = PBXFileReference; lastKnownFileType = text.plist.strings; name = en; path = en.lproj/InfoPlist.strings; sourceTree = "<group>"; };
		5563CF9819F0CCA3001BD248 /* main.m */ = {isa = PBXFileReference; lastKnownFileType = sourcecode.c.objc; path = main.m; sourceTree = "<group>"; };
		5563CF9A19F0CCA3001BD248 /* WeWalkTestApp-Prefix.pch */ = {isa = PBXFileReference; lastKnownFileType = sourcecode.c.h; path = "WeWalkTestApp-Prefix.pch"; sourceTree = "<group>"; };
		5563CF9B19F0CCA3001BD248 /* WeWalkTestAppDelegate.h */ = {isa = PBXFileReference; lastKnownFileType = sourcecode.c.h; path = WeWalkTestAppDelegate.h; sourceTree = "<group>"; };
		5563CF9C19F0CCA3001BD248 /* WeWalkTestAppDelegate.m */ = {isa = PBXFileReference; lastKnownFileType = sourcecode.c.objc; path = WeWalkTestAppDelegate.m; sourceTree = "<group>"; };
		5563CF9F19F0CCA3001BD248 /* Base */ = {isa = PBXFileReference; lastKnownFileType = file.storyboard; name = Base; path = Base.lproj/Main.storyboard; sourceTree = "<group>"; };
		5563CFA119F0CCA3001BD248 /* WeWalkTestViewController.h */ = {isa = PBXFileReference; lastKnownFileType = sourcecode.c.h; path = WeWalkTestViewController.h; sourceTree = "<group>"; };
		5563CFA219F0CCA3001BD248 /* WeWalkTestViewController.m */ = {isa = PBXFileReference; lastKnownFileType = sourcecode.c.objc; path = WeWalkTestViewController.m; sourceTree = "<group>"; };
		5563CFA419F0CCA3001BD248 /* Images.xcassets */ = {isa = PBXFileReference; lastKnownFileType = folder.assetcatalog; path = Images.xcassets; sourceTree = "<group>"; };
		5563CFAA19F0CCA3001BD248 /* WeWalkTestAppTests.xctest */ = {isa = PBXFileReference; explicitFileType = wrapper.cfbundle; includeInIndex = 0; path = WeWalkTestAppTests.xctest; sourceTree = BUILT_PRODUCTS_DIR; };
		5563CFAB19F0CCA3001BD248 /* XCTest.framework */ = {isa = PBXFileReference; lastKnownFileType = wrapper.framework; name = XCTest.framework; path = Library/Frameworks/XCTest.framework; sourceTree = DEVELOPER_DIR; };
		5563CFB319F0CCA3001BD248 /* WeWalkTestAppTests-Info.plist */ = {isa = PBXFileReference; lastKnownFileType = text.plist.xml; path = "WeWalkTestAppTests-Info.plist"; sourceTree = "<group>"; };
		5563CFB519F0CCA3001BD248 /* en */ = {isa = PBXFileReference; lastKnownFileType = text.plist.strings; name = en; path = en.lproj/InfoPlist.strings; sourceTree = "<group>"; };
		5563CFB719F0CCA3001BD248 /* WeWalkTestAppTests.m */ = {isa = PBXFileReference; lastKnownFileType = sourcecode.c.objc; path = WeWalkTestAppTests.m; sourceTree = "<group>"; };
/* End PBXFileReference section */

/* Begin PBXFrameworksBuildPhase section */
		5563CF8619F0CCA3001BD248 /* Frameworks */ = {
			isa = PBXFrameworksBuildPhase;
			buildActionMask = 2147483647;
			files = (
				5563CF8F19F0CCA3001BD248 /* CoreGraphics.framework in Frameworks */,
				5563CF9119F0CCA3001BD248 /* UIKit.framework in Frameworks */,
				5563CF8D19F0CCA3001BD248 /* Foundation.framework in Frameworks */,
			);
			runOnlyForDeploymentPostprocessing = 0;
		};
		5563CFA719F0CCA3001BD248 /* Frameworks */ = {
			isa = PBXFrameworksBuildPhase;
			buildActionMask = 2147483647;
			files = (
				5563CFAC19F0CCA3001BD248 /* XCTest.framework in Frameworks */,
				5563CFAE19F0CCA3001BD248 /* UIKit.framework in Frameworks */,
				5563CFAD19F0CCA3001BD248 /* Foundation.framework in Frameworks */,
			);
			runOnlyForDeploymentPostprocessing = 0;
		};
/* End PBXFrameworksBuildPhase section */

/* Begin PBXGroup section */
		5563CF8019F0CCA3001BD248 = {
			isa = PBXGroup;
			children = (
				5563CF9219F0CCA3001BD248 /* WeWalkTestApp */,
				5563CFB119F0CCA3001BD248 /* WeWalkTestAppTests */,
				5563CF8B19F0CCA3001BD248 /* Frameworks */,
				5563CF8A19F0CCA3001BD248 /* Products */,
			);
			sourceTree = "<group>";
		};
		5563CF8A19F0CCA3001BD248 /* Products */ = {
			isa = PBXGroup;
			children = (
				5563CF8919F0CCA3001BD248 /* WeWalkTestApp.app */,
				5563CFAA19F0CCA3001BD248 /* WeWalkTestAppTests.xctest */,
			);
			name = Products;
			sourceTree = "<group>";
		};
		5563CF8B19F0CCA3001BD248 /* Frameworks */ = {
			isa = PBXGroup;
			children = (
				5563CF8C19F0CCA3001BD248 /* Foundation.framework */,
				5563CF8E19F0CCA3001BD248 /* CoreGraphics.framework */,
				5563CF9019F0CCA3001BD248 /* UIKit.framework */,
				5563CFAB19F0CCA3001BD248 /* XCTest.framework */,
			);
			name = Frameworks;
			sourceTree = "<group>";
		};
		5563CF9219F0CCA3001BD248 /* WeWalkTestApp */ = {
			isa = PBXGroup;
			children = (
				5563CF9B19F0CCA3001BD248 /* WeWalkTestAppDelegate.h */,
				5563CF9C19F0CCA3001BD248 /* WeWalkTestAppDelegate.m */,
				5563CF9E19F0CCA3001BD248 /* Main.storyboard */,
				5563CFA119F0CCA3001BD248 /* WeWalkTestViewController.h */,
				5563CFA219F0CCA3001BD248 /* WeWalkTestViewController.m */,
				5563CFA419F0CCA3001BD248 /* Images.xcassets */,
				5563CF9319F0CCA3001BD248 /* Supporting Files */,
			);
			path = WeWalkTestApp;
			sourceTree = "<group>";
		};
		5563CF9319F0CCA3001BD248 /* Supporting Files */ = {
			isa = PBXGroup;
			children = (
				5563CF9419F0CCA3001BD248 /* WeWalkTestApp-Info.plist */,
				5563CF9519F0CCA3001BD248 /* InfoPlist.strings */,
				5563CF9819F0CCA3001BD248 /* main.m */,
				5563CF9A19F0CCA3001BD248 /* WeWalkTestApp-Prefix.pch */,
			);
			name = "Supporting Files";
			sourceTree = "<group>";
		};
		5563CFB119F0CCA3001BD248 /* WeWalkTestAppTests */ = {
			isa = PBXGroup;
			children = (
				5563CFB719F0CCA3001BD248 /* WeWalkTestAppTests.m */,
				5563CFB219F0CCA3001BD248 /* Supporting Files */,
			);
			path = WeWalkTestAppTests;
			sourceTree = "<group>";
		};
		5563CFB219F0CCA3001BD248 /* Supporting Files */ = {
			isa = PBXGroup;
			children = (
				5563CFB319F0CCA3001BD248 /* WeWalkTestAppTests-Info.plist */,
				5563CFB419F0CCA3001BD248 /* InfoPlist.strings */,
			);
			name = "Supporting Files";
			sourceTree = "<group>";
		};
/* End PBXGroup section */

/* Begin PBXNativeTarget section */
		5563CF8819F0CCA3001BD248 /* WeWalkTestApp */ = {
			isa = PBXNativeTarget;
			buildConfigurationList = 5563CFBB19F0CCA3001BD248 /* Build configuration list for PBXNativeTarget "WeWalkTestApp" */;
			buildPhases = (
				5563CF8519F0CCA3001BD248 /* Sources */,
				5563CF8619F0CCA3001BD248 /* Frameworks */,
				5563CF8719F0CCA3001BD248 /* Resources */,
			);
			buildRules = (
			);
			dependencies = (
			);
			name = WeWalkTestApp;
			productName = WeWalkTestApp;
			productReference = 5563CF8919F0CCA3001BD248 /* WeWalkTestApp.app */;
			productType = "com.apple.product-type.application";
		};
		5563CFA919F0CCA3001BD248 /* WeWalkTestAppTests */ = {
			isa = PBXNativeTarget;
			buildConfigurationList = 5563CFBE19F0CCA3001BD248 /* Build configuration list for PBXNativeTarget "WeWalkTestAppTests" */;
			buildPhases = (
				5563CFA619F0CCA3001BD248 /* Sources */,
				5563CFA719F0CCA3001BD248 /* Frameworks */,
				5563CFA819F0CCA3001BD248 /* Resources */,
			);
			buildRules = (
			);
			dependencies = (
				5563CFB019F0CCA3001BD248 /* PBXTargetDependency */,
			);
			name = WeWalkTestAppTests;
			productName = WeWalkTestAppTests;
			productReference = 5563CFAA19F0CCA3001BD248 /* WeWalkTestAppTests.xctest */;
			productType = "com.apple.product-type.bundle.unit-test";
		};
/* End PBXNativeTarget section */

/* Begin PBXProject section */
		5563CF8119F0CCA3001BD248 /* Project object */ = {
			isa = PBXProject;
			attributes = {
				CLASSPREFIX = WeWalkTest;
				LastUpgradeCheck = 0510;
				ORGANIZATIONNAME = "Insomnia Code";
				TargetAttributes = {
					5563CFA919F0CCA3001BD248 = {
						TestTargetID = 5563CF8819F0CCA3001BD248;
					};
				};
			};
			buildConfigurationList = 5563CF8419F0CCA3001BD248 /* Build configuration list for PBXProject "WeWalkTestApp" */;
			compatibilityVersion = "Xcode 3.2";
			developmentRegion = English;
			hasScannedForEncodings = 0;
			knownRegions = (
				en,
				Base,
			);
			mainGroup = 5563CF8019F0CCA3001BD248;
			productRefGroup = 5563CF8A19F0CCA3001BD248 /* Products */;
			projectDirPath = "";
			projectRoot = "";
			targets = (
				5563CF8819F0CCA3001BD248 /* WeWalkTestApp */,
				5563CFA919F0CCA3001BD248 /* WeWalkTestAppTests */,
			);
		};
/* End PBXProject section */

/* Begin PBXResourcesBuildPhase section */
		5563CF8719F0CCA3001BD248 /* Resources */ = {
			isa = PBXResourcesBuildPhase;
			buildActionMask = 2147483647;
			files = (
				5563CFA519F0CCA3001BD248 /* Images.xcassets in Resources */,
				5563CF9719F0CCA3001BD248 /* InfoPlist.strings in Resources */,
				5563CFA019F0CCA3001BD248 /* Main.storyboard in Resources */,
			);
			runOnlyForDeploymentPostprocessing = 0;
		};
		5563CFA819F0CCA3001BD248 /* Resources */ = {
			isa = PBXResourcesBuildPhase;
			buildActionMask = 2147483647;
			files = (
				5563CFB619F0CCA3001BD248 /* InfoPlist.strings in Resources */,
			);
			runOnlyForDeploymentPostprocessing = 0;
		};
/* End PBXResourcesBuildPhase section */

/* Begin PBXSourcesBuildPhase section */
		5563CF8519F0CCA3001BD248 /* Sources */ = {
			isa = PBXSourcesBuildPhase;
			buildActionMask = 2147483647;
			files = (
				5563CFA319F0CCA3001BD248 /* WeWalkTestViewController.m in Sources */,
				5563CF9919F0CCA3001BD248 /* main.m in Sources */,
				5563CF9D19F0CCA3001BD248 /* WeWalkTestAppDelegate.m in Sources */,
			);
			runOnlyForDeploymentPostprocessing = 0;
		};
		5563CFA619F0CCA3001BD248 /* Sources */ = {
			isa = PBXSourcesBuildPhase;
			buildActionMask = 2147483647;
			files = (
				5563CFB819F0CCA3001BD248 /* WeWalkTestAppTests.m in Sources */,
			);
			runOnlyForDeploymentPostprocessing = 0;
		};
/* End PBXSourcesBuildPhase section */

/* Begin PBXTargetDependency section */
		5563CFB019F0CCA3001BD248 /* PBXTargetDependency */ = {
			isa = PBXTargetDependency;
			target = 5563CF8819F0CCA3001BD248 /* WeWalkTestApp */;
			targetProxy = 5563CFAF19F0CCA3001BD248 /* PBXContainerItemProxy */;
		};
/* End PBXTargetDependency section */

/* Begin PBXVariantGroup section */
		5563CF9519F0CCA3001BD248 /* InfoPlist.strings */ = {
			isa = PBXVariantGroup;
			children = (
				5563CF9619F0CCA3001BD248 /* en */,
			);
			name = InfoPlist.strings;
			sourceTree = "<group>";
		};
		5563CF9E19F0CCA3001BD248 /* Main.storyboard */ = {
			isa = PBXVariantGroup;
			children = (
				5563CF9F19F0CCA3001BD248 /* Base */,
			);
			name = Main.storyboard;
			sourceTree = "<group>";
		};
		5563CFB419F0CCA3001BD248 /* InfoPlist.strings */ = {
			isa = PBXVariantGroup;
			children = (
				5563CFB519F0CCA3001BD248 /* en */,
			);
			name = InfoPlist.strings;
			sourceTree = "<group>";
		};
/* End PBXVariantGroup section */

/* Begin XCBuildConfiguration section */
		5563CFB919F0CCA3001BD248 /* Debug */ = {
			isa = XCBuildConfiguration;
			buildSettings = {
				ALWAYS_SEARCH_USER_PATHS = NO;
				CLANG_CXX_LANGUAGE_STANDARD = "gnu++0x";
				CLANG_CXX_LIBRARY = "libc++";
				CLANG_ENABLE_MODULES = YES;
				CLANG_ENABLE_OBJC_ARC = YES;
				CLANG_WARN_BOOL_CONVERSION = YES;
				CLANG_WARN_CONSTANT_CONVERSION = YES;
				CLANG_WARN_DIRECT_OBJC_ISA_USAGE = YES_ERROR;
				CLANG_WARN_EMPTY_BODY = YES;
				CLANG_WARN_ENUM_CONVERSION = YES;
				CLANG_WARN_INT_CONVERSION = YES;
				CLANG_WARN_OBJC_ROOT_CLASS = YES_ERROR;
				CLANG_WARN__DUPLICATE_METHOD_MATCH = YES;
				"CODE_SIGN_IDENTITY[sdk=iphoneos*]" = "iPhone Developer";
				COPY_PHASE_STRIP = NO;
				GCC_C_LANGUAGE_STANDARD = gnu99;
				GCC_DYNAMIC_NO_PIC = NO;
				GCC_OPTIMIZATION_LEVEL = 0;
				GCC_PREPROCESSOR_DEFINITIONS = (
					"DEBUG=1",
					"$(inherited)",
				);
				GCC_SYMBOLS_PRIVATE_EXTERN = NO;
				GCC_WARN_64_TO_32_BIT_CONVERSION = YES;
				GCC_WARN_ABOUT_RETURN_TYPE = YES_ERROR;
				GCC_WARN_UNDECLARED_SELECTOR = YES;
				GCC_WARN_UNINITIALIZED_AUTOS = YES_AGGRESSIVE;
				GCC_WARN_UNUSED_FUNCTION = YES;
				GCC_WARN_UNUSED_VARIABLE = YES;
				IPHONEOS_DEPLOYMENT_TARGET = 7.1;
				ONLY_ACTIVE_ARCH = YES;
				SDKROOT = iphoneos;
			};
			name = Debug;
		};
		5563CFBA19F0CCA3001BD248 /* Release */ = {
			isa = XCBuildConfiguration;
			buildSettings = {
				ALWAYS_SEARCH_USER_PATHS = NO;
				CLANG_CXX_LANGUAGE_STANDARD = "gnu++0x";
				CLANG_CXX_LIBRARY = "libc++";
				CLANG_ENABLE_MODULES = YES;
				CLANG_ENABLE_OBJC_ARC = YES;
				CLANG_WARN_BOOL_CONVERSION = YES;
				CLANG_WARN_CONSTANT_CONVERSION = YES;
				CLANG_WARN_DIRECT_OBJC_ISA_USAGE = YES_ERROR;
				CLANG_WARN_EMPTY_BODY = YES;
				CLANG_WARN_ENUM_CONVERSION = YES;
				CLANG_WARN_INT_CONVERSION = YES;
				CLANG_WARN_OBJC_ROOT_CLASS = YES_ERROR;
				CLANG_WARN__DUPLICATE_METHOD_MATCH = YES;
				"CODE_SIGN_IDENTITY[sdk=iphoneos*]" = "iPhone Developer";
				COPY_PHASE_STRIP = YES;
				ENABLE_NS_ASSERTIONS = NO;
				GCC_C_LANGUAGE_STANDARD = gnu99;
				GCC_WARN_64_TO_32_BIT_CONVERSION = YES;
				GCC_WARN_ABOUT_RETURN_TYPE = YES_ERROR;
				GCC_WARN_UNDECLARED_SELECTOR = YES;
				GCC_WARN_UNINITIALIZED_AUTOS = YES_AGGRESSIVE;
				GCC_WARN_UNUSED_FUNCTION = YES;
				GCC_WARN_UNUSED_VARIABLE = YES;
				IPHONEOS_DEPLOYMENT_TARGET = 7.1;
				SDKROOT = iphoneos;
				VALIDATE_PRODUCT = YES;
			};
			name = Release;
		};
		5563CFBC19F0CCA3001BD248 /* Debug */ = {
			isa = XCBuildConfiguration;
			buildSettings = {
				ASSETCATALOG_COMPILER_APPICON_NAME = AppIcon;
				ASSETCATALOG_COMPILER_LAUNCHIMAGE_NAME = LaunchImage;
				GCC_PRECOMPILE_PREFIX_HEADER = YES;
				GCC_PREFIX_HEADER = "WeWalkTestApp/WeWalkTestApp-Prefix.pch";
				INFOPLIST_FILE = "WeWalkTestApp/WeWalkTestApp-Info.plist";
				PRODUCT_NAME = "$(TARGET_NAME)";
				WRAPPER_EXTENSION = app;
			};
			name = Debug;
		};
		5563CFBD19F0CCA3001BD248 /* Release */ = {
			isa = XCBuildConfiguration;
			buildSettings = {
				ASSETCATALOG_COMPILER_APPICON_NAME = AppIcon;
				ASSETCATALOG_COMPILER_LAUNCHIMAGE_NAME = LaunchImage;
				GCC_PRECOMPILE_PREFIX_HEADER = YES;
				GCC_PREFIX_HEADER = "WeWalkTestApp/WeWalkTestApp-Prefix.pch";
				INFOPLIST_FILE = "WeWalkTestApp/WeWalkTestApp-Info.plist";
				PRODUCT_NAME = "$(TARGET_NAME)";
				WRAPPER_EXTENSION = app;
			};
			name = Release;
		};
		5563CFBF19F0CCA3001BD248 /* Debug */ = {
			isa = XCBuildConfiguration;
			buildSettings = {
				BUNDLE_LOADER = "$(BUILT_PRODUCTS_DIR)/WeWalkTestApp.app/WeWalkTestApp";
				FRAMEWORK_SEARCH_PATHS = (
					"$(SDKROOT)/Developer/Library/Frameworks",
					"$(inherited)",
					"$(DEVELOPER_FRAMEWORKS_DIR)",
				);
				GCC_PRECOMPILE_PREFIX_HEADER = YES;
				GCC_PREFIX_HEADER = "WeWalkTestApp/WeWalkTestApp-Prefix.pch";
				GCC_PREPROCESSOR_DEFINITIONS = (
					"DEBUG=1",
					"$(inherited)",
				);
				INFOPLIST_FILE = "WeWalkTestAppTests/WeWalkTestAppTests-Info.plist";
				PRODUCT_NAME = "$(TARGET_NAME)";
				TEST_HOST = "$(BUNDLE_LOADER)";
				WRAPPER_EXTENSION = xctest;
			};
			name = Debug;
		};
		5563CFC019F0CCA3001BD248 /* Release */ = {
			isa = XCBuildConfiguration;
			buildSettings = {
				BUNDLE_LOADER = "$(BUILT_PRODUCTS_DIR)/WeWalkTestApp.app/WeWalkTestApp";
				FRAMEWORK_SEARCH_PATHS = (
					"$(SDKROOT)/Developer/Library/Frameworks",
					"$(inherited)",
					"$(DEVELOPER_FRAMEWORKS_DIR)",
				);
				GCC_PRECOMPILE_PREFIX_HEADER = YES;
				GCC_PREFIX_HEADER = "WeWalkTestApp/WeWalkTestApp-Prefix.pch";
				INFOPLIST_FILE = "WeWalkTestAppTests/WeWalkTestAppTests-Info.plist";
				PRODUCT_NAME = "$(TARGET_NAME)";
				TEST_HOST = "$(BUNDLE_LOADER)";
				WRAPPER_EXTENSION = xctest;
			};
			name = Release;
		};
/* End XCBuildConfiguration section */

/* Begin XCConfigurationList section */
		5563CF8419F0CCA3001BD248 /* Build configuration list for PBXProject "WeWalkTestApp" */ = {
			isa = XCConfigurationList;
			buildConfigurations = (
				5563CFB919F0CCA3001BD248 /* Debug */,
				5563CFBA19F0CCA3001BD248 /* Release */,
			);
			defaultConfigurationIsVisible = 0;
			defaultConfigurationName = Release;
		};
		5563CFBB19F0CCA3001BD248 /* Build configuration list for PBXNativeTarget "WeWalkTestApp" */ = {
			isa = XCConfigurationList;
			buildConfigurations = (
				5563CFBC19F0CCA3001BD248 /* Debug */,
				5563CFBD19F0CCA3001BD248 /* Release */,
			);
			defaultConfigurationIsVisible = 0;
		};
		5563CFBE19F0CCA3001BD248 /* Build configuration list for PBXNativeTarget "WeWalkTestAppTests" */ = {
			isa = XCConfigurationList;
			buildConfigurations = (
				5563CFBF19F0CCA3001BD248 /* Debug */,
				5563CFC019F0CCA3001BD248 /* Release */,
			);
			defaultConfigurationIsVisible = 0;
		};
/* End XCConfigurationList section */
	};
	rootObject = 5563CF8119F0CCA3001BD248 /* Project object */;
}
